
Microsoft Visual Studio Solution File, Format Version 12.00
# Visual Studio Version 16
VisualStudioVersion = 16.0.30907.101
MinimumVisualStudioVersion = 10.0.40219.1
Project("{FAE04EC0-301F-11D3-BF4B-00C04F79EFBC}") = "CD_Sammlung", "CD_Sammlung\CD_Sammlung.csproj", "{64198D0B-1D4F-46E2-B2DC-120A17D45815}"
EndProject
Global
	GlobalSection(SolutionConfigurationPlatforms) = preSolution
		Debug|Any CPU = Debug|Any CPU
		Release|Any CPU = Release|Any CPU
	EndGlobalSection
	GlobalSection(ProjectConfigurationPlatforms) = postSolution
		{64198D0B-1D4F-46E2-B2DC-120A17D45815}.Debug|Any CPU.ActiveCfg = Debug|Any CPU
		{64198D0B-1D4F-46E2-B2DC-120A17D45815}.Debug|Any CPU.Build.0 = Debug|Any CPU
		{64198D0B-1D4F-46E2-B2DC-120A17D45815}.Release|Any CPU.ActiveCfg = Release|Any CPU
		{64198D0B-1D4F-46E2-B2DC-120A17D45815}.Release|Any CPU.Build.0 = Release|Any CPU
	EndGlobalSection
	GlobalSection(SolutionProperties) = preSolution
		HideSolutionNode = FALSE
	EndGlobalSection
	GlobalSection(ExtensibilityGlobals) = postSolution
		SolutionGuid = {D94D8AEE-D65C-4744-A1DB-A7E272178CEF}
	EndGlobalSection
EndGlobal
